{
  "pins" : [
    {
      "identity" : "bnappfoundation",
      "kind" : "remoteSourceControl",
      "location" : "https://github.com/botirjon/BNAppFoundation.git",
      "state" : {
        "revision" : "88b0c154cfe4f5562e5cfeff799c82e94574b11a",
        "version" : "1.5.0"
      }
    },
    {
      "identity" : "kingfisher",
      "kind" : "remoteSourceControl",
      "location" : "https://github.com/onevcat/Kingfisher.git",
      "state" : {
        "revision" : "af4be924ad984cf4d16f4ae4df424e79a443d435",
        "version" : "7.6.2"
      }
    },
    {
      "identity" : "snapkit",
      "kind" : "remoteSourceControl",
      "location" : "https://github.com/SnapKit/SnapKit.git",
      "state" : {
        "revision" : "f222cbdf325885926566172f6f5f06af95473158",
        "version" : "5.6.0"
      }
    }
  ],
  "version" : 2
}
